<?xml version="1.0" encoding="utf-8"?>
<Project ToolsVersion="4.0" xmlns="http://schemas.microsoft.com/developer/msbuild/2003">
  <ItemGroup>
    <Filter Include="Source Files">
      <UniqueIdentifier>{4FC737F1-C7A5-4376-A066-2A32D752A2FF}</UniqueIdentifier>
      <Extensions>cpp;c;cc;cxx;c++;cppm;ixx;def;odl;idl;hpj;bat;asm;asmx</Extensions>
    </Filter>
    <Filter Include="Header Files">
      <UniqueIdentifier>{93995380-89BD-4b04-88EB-625FBE52EBFB}</UniqueIdentifier>
      <Extensions>h;hh;hpp;hxx;h++;hm;inl;inc;ipp;xsd</Extensions>
    </Filter>
    <Filter Include="Resource Files">
      <UniqueIdentifier>{67DA6AB6-F800-4c08-8B7A-83BB121AAD01}</UniqueIdentifier>
      <Extensions>rc;ico;cur;bmp;dlg;rc2;rct;bin;rgs;gif;jpg;jpeg;jpe;resx;tiff;tif;png;wav;mfcribbon-ms</Extensions>
    </Filter>
    <Filter Include="Header Files\Models">
      <UniqueIdentifier>{f92502e8-607c-4d10-bb2b-82d087efdb90}</UniqueIdentifier>
    </Filter>
    <Filter Include="Header Files\Models\Json">
      <UniqueIdentifier>{d690f96a-ef05-44f9-bc77-11a7da06f5ce}</UniqueIdentifier>
    </Filter>
  </ItemGroup>
  <ItemGroup>
    <ClCompile Include="..\CurveFittingDll\Gaussian2DProfileEigen.cpp">
      <Filter>Source Files</Filter>
    </ClCompile>
    <ClCompile Include="..\CurveFittingDll\ImageHandler.cpp">
      <Filter>Source Files</Filter>
    </ClCompile>
    <ClCompile Include="..\CurveFittingDll\Profile.cpp">
      <Filter>Source Files</Filter>
    </ClCompile>
    <ClCompile Include="..\CurveFittingDll\BeamProfiler.cpp">
      <Filter>Source Files</Filter>
    </ClCompile>
  </ItemGroup>
  <ItemGroup>
    <ClInclude Include="..\CurveFittingDll\BeamProfiler.h">
      <Filter>Header Files</Filter>
    </ClInclude>
    <ClInclude Include="..\CurveFittingDll\Gaussian2DProfileEigen.h">
      <Filter>Header Files</Filter>
    </ClInclude>
    <ClInclude Include="..\CurveFittingDll\ImageHandler.h">
      <Filter>Header Files</Filter>
    </ClInclude>
    <ClInclude Include="..\CurveFittingDll\Profile.h">
      <Filter>Header Files</Filter>
    </ClInclude>
    <ClInclude Include="..\CurveFittingDll\ImageInformation.h">
      <Filter>Header Files\Models</Filter>
    </ClInclude>
    <ClInclude Include="..\CurveFittingDll\ResizeInfo.h">
      <Filter>Header Files\Models</Filter>
    </ClInclude>
    <ClInclude Include="..\CurveFittingDll\SmoothInfo.h">
      <Filter>Header Files\Models</Filter>
    </ClInclude>
    <ClInclude Include="..\CurveFittingDll\FitParameters.h">
      <Filter>Header Files\Models</Filter>
    </ClInclude>
    <ClInclude Include="..\CurveFittingDll\FitResults.h">
      <Filter>Header Files</Filter>
    </ClInclude>
    <ClInclude Include="..\CurveFittingDll\json.hpp">
      <Filter>Header Files</Filter>
    </ClInclude>
    <ClInclude Include="..\CurveFittingDll\FitOptions.h">
      <Filter>Header Files\Models\Json</Filter>
    </ClInclude>
    <ClInclude Include="..\CurveFittingDll\ImageOptions.h">
      <Filter>Header Files\Models\Json</Filter>
    </ClInclude>
    <ClInclude Include="..\CurveFittingDll\ResizeOptions.h">
      <Filter>Header Files\Models\Json</Filter>
    </ClInclude>
    <ClInclude Include="..\CurveFittingDll\SmoothOptions.h">
      <Filter>Header Files\Models\Json</Filter>
    </ClInclude>
    <ClInclude Include="..\CurveFittingDll\server.h">
      <Filter>Header Files</Filter>
    </ClInclude>
  </ItemGroup>
</Project>